// !$*UTF8*$!
{
	archiveVersion = 1;
	classes = {
	};
	objectVersion = 46;
	objects = {

/* Begin PBXBuildFile section */
		CBB3D8D819F98D910004545E /* AppDelegate.swift in Sources */ = {isa = PBXBuildFile; fileRef = CBB3D8D719F98D910004545E /* AppDelegate.swift */; };
		CBB3D8DA19F98D910004545E /* ViewController.swift in Sources */ = {isa = PBXBuildFile; fileRef = CBB3D8D919F98D910004545E /* ViewController.swift */; };
		CBB3D8DD19F98D910004545E /* Main.storyboard in Resources */ = {isa = PBXBuildFile; fileRef = CBB3D8DB19F98D910004545E /* Main.storyboard */; };
		CBB3D8DF19F98D910004545E /* Images.xcassets in Resources */ = {isa = PBXBuildFile; fileRef = CBB3D8DE19F98D910004545E /* Images.xcassets */; };
		CBB3D8E219F98D910004545E /* LaunchScreen.xib in Resources */ = {isa = PBXBuildFile; fileRef = CBB3D8E019F98D910004545E /* LaunchScreen.xib */; };
		CBB3D8EE19F98D910004545E /* GetTimeTests.swift in Sources */ = {isa = PBXBuildFile; fileRef = CBB3D8ED19F98D910004545E /* GetTimeTests.swift */; };
/* End PBXBuildFile section */

/* Begin PBXContainerItemProxy section */
		CBB3D8E819F98D910004545E /* PBXContainerItemProxy */ = {
			isa = PBXContainerItemProxy;
			containerPortal = CBB3D8CA19F98D900004545E /* Project object */;
			proxyType = 1;
			remoteGlobalIDString = CBB3D8D119F98D910004545E;
			remoteInfo = GetTime;
		};
/* End PBXContainerItemProxy section */

/* Begin PBXFileReference section */
		CBB3D8D219F98D910004545E /* GetTime.app */ = {isa = PBXFileReference; explicitFileType = wrapper.application; includeInIndex = 0; path = GetTime.app; sourceTree = BUILT_PRODUCTS_DIR; };
		CBB3D8D619F98D910004545E /* Info.plist */ = {isa = PBXFileReference; lastKnownFileType = text.plist.xml; path = Info.plist; sourceTree = "<group>"; };
		CBB3D8D719F98D910004545E /* AppDelegate.swift */ = {isa = PBXFileReference; lastKnownFileType = sourcecode.swift; path = AppDelegate.swift; sourceTree = "<group>"; };
		CBB3D8D919F98D910004545E /* ViewController.swift */ = {isa = PBXFileReference; lastKnownFileType = sourcecode.swift; path = ViewController.swift; sourceTree = "<group>"; };
		CBB3D8DC19F98D910004545E /* Base */ = {isa = PBXFileReference; lastKnownFileType = file.storyboard; name = Base; path = Base.lproj/Main.storyboard; sourceTree = "<group>"; };
		CBB3D8DE19F98D910004545E /* Images.xcassets */ = {isa = PBXFileReference; lastKnownFileType = folder.assetcatalog; path = Images.xcassets; sourceTree = "<group>"; };
		CBB3D8E119F98D910004545E /* Base */ = {isa = PBXFileReference; lastKnownFileType = file.xib; name = Base; path = Base.lproj/LaunchScreen.xib; sourceTree = "<group>"; };
		CBB3D8E719F98D910004545E /* GetTimeTests.xctest */ = {isa = PBXFileReference; explicitFileType = wrapper.cfbundle; includeInIndex = 0; path = GetTimeTests.xctest; sourceTree = BUILT_PRODUCTS_DIR; };
		CBB3D8EC19F98D910004545E /* Info.plist */ = {isa = PBXFileReference; lastKnownFileType = text.plist.xml; path = Info.plist; sourceTree = "<group>"; };
		CBB3D8ED19F98D910004545E /* GetTimeTests.swift */ = {isa = PBXFileReference; lastKnownFileType = sourcecode.swift; path = GetTimeTests.swift; sourceTree = "<group>"; };
/* End PBXFileReference section */

/* Begin PBXFrameworksBuildPhase section */
		CBB3D8CF19F98D910004545E /* Frameworks */ = {
			isa = PBXFrameworksBuildPhase;
			buildActionMask = 2147483647;
			files = (
			);
			runOnlyForDeploymentPostprocessing = 0;
		};
		CBB3D8E419F98D910004545E /* Frameworks */ = {
			isa = PBXFrameworksBuildPhase;
			buildActionMask = 2147483647;
			files = (
			);
			runOnlyForDeploymentPostprocessing = 0;
		};
/* End PBXFrameworksBuildPhase section */

/* Begin PBXGroup section */
		CBB3D8C919F98D900004545E = {
			isa = PBXGroup;
			children = (
				CBB3D8D419F98D910004545E /* GetTime */,
				CBB3D8EA19F98D910004545E /* GetTimeTests */,
				CBB3D8D319F98D910004545E /* Products */,
			);
			sourceTree = "<group>";
		};
		CBB3D8D319F98D910004545E /* Products */ = {
			isa = PBXGroup;
			children = (
				CBB3D8D219F98D910004545E /* GetTime.app */,
				CBB3D8E719F98D910004545E /* GetTimeTests.xctest */,
			);
			name = Products;
			sourceTree = "<group>";
		};
		CBB3D8D419F98D910004545E /* GetTime */ = {
			isa = PBXGroup;
			children = (
				CBB3D8D719F98D910004545E /* AppDelegate.swift */,
				CBB3D8D919F98D910004545E /* ViewController.swift */,
				CBB3D8DB19F98D910004545E /* Main.storyboard */,
				CBB3D8DE19F98D910004545E /* Images.xcassets */,
				CBB3D8E019F98D910004545E /* LaunchScreen.xib */,
				CBB3D8D519F98D910004545E /* Supporting Files */,
			);
			path = GetTime;
			sourceTree = "<group>";
		};
		CBB3D8D519F98D910004545E /* Supporting Files */ = {
			isa = PBXGroup;
			children = (
				CBB3D8D619F98D910004545E /* Info.plist */,
			);
			name = "Supporting Files";
			sourceTree = "<group>";
		};
		CBB3D8EA19F98D910004545E /* GetTimeTests */ = {
			isa = PBXGroup;
			children = (
				CBB3D8ED19F98D910004545E /* GetTimeTests.swift */,
				CBB3D8EB19F98D910004545E /* Supporting Files */,
			);
			path = GetTimeTests;
			sourceTree = "<group>";
		};
		CBB3D8EB19F98D910004545E /* Supporting Files */ = {
			isa = PBXGroup;
			children = (
				CBB3D8EC19F98D910004545E /* Info.plist */,
			);
			name = "Supporting Files";
			sourceTree = "<group>";
		};
/* End PBXGroup section */

/* Begin PBXNativeTarget section */
		CBB3D8D119F98D910004545E /* GetTime */ = {
			isa = PBXNativeTarget;
			buildConfigurationList = CBB3D8F119F98D920004545E /* Build configuration list for PBXNativeTarget "GetTime" */;
			buildPhases = (
				CBB3D8CE19F98D910004545E /* Sources */,
				CBB3D8CF19F98D910004545E /* Frameworks */,
				CBB3D8D019F98D910004545E /* Resources */,
			);
			buildRules = (
			);
			dependencies = (
			);
			name = GetTime;
			productName = GetTime;
			productReference = CBB3D8D219F98D910004545E /* GetTime.app */;
			productType = "com.apple.product-type.application";
		};
		CBB3D8E619F98D910004545E /* GetTimeTests */ = {
			isa = PBXNativeTarget;
			buildConfigurationList = CBB3D8F419F98D920004545E /* Build configuration list for PBXNativeTarget "GetTimeTests" */;
			buildPhases = (
				CBB3D8E319F98D910004545E /* Sources */,
				CBB3D8E419F98D910004545E /* Frameworks */,
				CBB3D8E519F98D910004545E /* Resources */,
			);
			buildRules = (
			);
			dependencies = (
				CBB3D8E919F98D910004545E /* PBXTargetDependency */,
			);
			name = GetTimeTests;
			productName = GetTimeTests;
			productReference = CBB3D8E719F98D910004545E /* GetTimeTests.xctest */;
			productType = "com.apple.product-type.bundle.unit-test";
		};
/* End PBXNativeTarget section */

/* Begin PBXProject section */
		CBB3D8CA19F98D900004545E /* Project object */ = {
			isa = PBXProject;
			attributes = {
				LastUpgradeCheck = 0610;
				ORGANIZATIONNAME = Jussic;
				TargetAttributes = {
					CBB3D8D119F98D910004545E = {
						CreatedOnToolsVersion = 6.1;
					};
					CBB3D8E619F98D910004545E = {
						CreatedOnToolsVersion = 6.1;
						TestTargetID = CBB3D8D119F98D910004545E;
					};
				};
			};
			buildConfigurationList = CBB3D8CD19F98D900004545E /* Build configuration list for PBXProject "GetTime" */;
			compatibilityVersion = "Xcode 3.2";
			developmentRegion = English;
			hasScannedForEncodings = 0;
			knownRegions = (
				en,
				Base,
			);
			mainGroup = CBB3D8C919F98D900004545E;
			productRefGroup = CBB3D8D319F98D910004545E /* Products */;
			projectDirPath = "";
			projectRoot = "";
			targets = (
				CBB3D8D119F98D910004545E /* GetTime */,
				CBB3D8E619F98D910004545E /* GetTimeTests */,
			);
		};
/* End PBXProject section */

/* Begin PBXResourcesBuildPhase section */
		CBB3D8D019F98D910004545E /* Resources */ = {
			isa = PBXResourcesBuildPhase;
			buildActionMask = 2147483647;
			files = (
				CBB3D8DD19F98D910004545E /* Main.storyboard in Resources */,
				CBB3D8E219F98D910004545E /* LaunchScreen.xib in Resources */,
				CBB3D8DF19F98D910004545E /* Images.xcassets in Resources */,
			);
			runOnlyForDeploymentPostprocessing = 0;
		};
		CBB3D8E519F98D910004545E /* Resources */ = {
			isa = PBXResourcesBuildPhase;
			buildActionMask = 2147483647;
			files = (
			);
			runOnlyForDeploymentPostprocessing = 0;
		};
/* End PBXResourcesBuildPhase section */

/* Begin PBXSourcesBuildPhase section */
		CBB3D8CE19F98D910004545E /* Sources */ = {
			isa = PBXSourcesBuildPhase;
			buildActionMask = 2147483647;
			files = (
				CBB3D8DA19F98D910004545E /* ViewController.swift in Sources */,
				CBB3D8D819F98D910004545E /* AppDelegate.swift in Sources */,
			);
			runOnlyForDeploymentPostprocessing = 0;
		};
		CBB3D8E319F98D910004545E /* Sources */ = {
			isa = PBXSourcesBuildPhase;
			buildActionMask = 2147483647;
			files = (
				CBB3D8EE19F98D910004545E /* GetTimeTests.swift in Sources */,
			);
			runOnlyForDeploymentPostprocessing = 0;
		};
/* End PBXSourcesBuildPhase section */

/* Begin PBXTargetDependency section */
		CBB3D8E919F98D910004545E /* PBXTargetDependency */ = {
			isa = PBXTargetDependency;
			target = CBB3D8D119F98D910004545E /* GetTime */;
			targetProxy = CBB3D8E819F98D910004545E /* PBXContainerItemProxy */;
		};
/* End PBXTargetDependency section */

/* Begin PBXVariantGroup section */
		CBB3D8DB19F98D910004545E /* Main.storyboard */ = {
			isa = PBXVariantGroup;
			children = (
				CBB3D8DC19F98D910004545E /* Base */,
			);
			name = Main.storyboard;
			sourceTree = "<group>";
		};
		CBB3D8E019F98D910004545E /* LaunchScreen.xib */ = {
			isa = PBXVariantGroup;
			children = (
				CBB3D8E119F98D910004545E /* Base */,
			);
			name = LaunchScreen.xib;
			sourceTree = "<group>";
		};
/* End PBXVariantGroup section */

/* Begin XCBuildConfiguration section */
		CBB3D8EF19F98D910004545E /* Debug */ = {
			isa = XCBuildConfiguration;
			buildSettings = {
				ALWAYS_SEARCH_USER_PATHS = NO;
				CLANG_CXX_LANGUAGE_STANDARD = "gnu++0x";
				CLANG_CXX_LIBRARY = "libc++";
				CLANG_ENABLE_MODULES = YES;
				CLANG_ENABLE_OBJC_ARC = YES;
				CLANG_WARN_BOOL_CONVERSION = YES;
				CLANG_WARN_CONSTANT_CONVERSION = YES;
				CLANG_WARN_DIRECT_OBJC_ISA_USAGE = YES_ERROR;
				CLANG_WARN_EMPTY_BODY = YES;
				CLANG_WARN_ENUM_CONVERSION = YES;
				CLANG_WARN_INT_CONVERSION = YES;
				CLANG_WARN_OBJC_ROOT_CLASS = YES_ERROR;
				CLANG_WARN_UNREACHABLE_CODE = YES;
				CLANG_WARN__DUPLICATE_METHOD_MATCH = YES;
				"CODE_SIGN_IDENTITY[sdk=iphoneos*]" = "iPhone Developer";
				COPY_PHASE_STRIP = NO;
				ENABLE_STRICT_OBJC_MSGSEND = YES;
				GCC_C_LANGUAGE_STANDARD = gnu99;
				GCC_DYNAMIC_NO_PIC = NO;
				GCC_OPTIMIZATION_LEVEL = 0;
				GCC_PREPROCESSOR_DEFINITIONS = (
					"DEBUG=1",
					"$(inherited)",
				);
				GCC_SYMBOLS_PRIVATE_EXTERN = NO;
				GCC_WARN_64_TO_32_BIT_CONVERSION = YES;
				GCC_WARN_ABOUT_RETURN_TYPE = YES_ERROR;
				GCC_WARN_UNDECLARED_SELECTOR = YES;
				GCC_WARN_UNINITIALIZED_AUTOS = YES_AGGRESSIVE;
				GCC_WARN_UNUSED_FUNCTION = YES;
				GCC_WARN_UNUSED_VARIABLE = YES;
				IPHONEOS_DEPLOYMENT_TARGET = 8.1;
				MTL_ENABLE_DEBUG_INFO = YES;
				ONLY_ACTIVE_ARCH = YES;
				SDKROOT = iphoneos;
				SWIFT_OPTIMIZATION_LEVEL = "-Onone";
			};
			name = Debug;
		};
		CBB3D8F019F98D910004545E /* Release */ = {
			isa = XCBuildConfiguration;
			buildSettings = {
				ALWAYS_SEARCH_USER_PATHS = NO;
				CLANG_CXX_LANGUAGE_STANDARD = "gnu++0x";
				CLANG_CXX_LIBRARY = "libc++";
				CLANG_ENABLE_MODULES = YES;
				CLANG_ENABLE_OBJC_ARC = YES;
				CLANG_WARN_BOOL_CONVERSION = YES;
				CLANG_WARN_CONSTANT_CONVERSION = YES;
				CLANG_WARN_DIRECT_OBJC_ISA_USAGE = YES_ERROR;
				CLANG_WARN_EMPTY_BODY = YES;
				CLANG_WARN_ENUM_CONVERSION = YES;
				CLANG_WARN_INT_CONVERSION = YES;
				CLANG_WARN_OBJC_ROOT_CLASS = YES_ERROR;
				CLANG_WARN_UNREACHABLE_CODE = YES;
				CLANG_WARN__DUPLICATE_METHOD_MATCH = YES;
				"CODE_SIGN_IDENTITY[sdk=iphoneos*]" = "iPhone Developer";
				COPY_PHASE_STRIP = YES;
				ENABLE_NS_ASSERTIONS = NO;
				ENABLE_STRICT_OBJC_MSGSEND = YES;
				GCC_C_LANGUAGE_STANDARD = gnu99;
				GCC_WARN_64_TO_32_BIT_CONVERSION = YES;
				GCC_WARN_ABOUT_RETURN_TYPE = YES_ERROR;
				GCC_WARN_UNDECLARED_SELECTOR = YES;
				GCC_WARN_UNINITIALIZED_AUTOS = YES_AGGRESSIVE;
				GCC_WARN_UNUSED_FUNCTION = YES;
				GCC_WARN_UNUSED_VARIABLE = YES;
				IPHONEOS_DEPLOYMENT_TARGET = 8.1;
				MTL_ENABLE_DEBUG_INFO = NO;
				SDKROOT = iphoneos;
				VALIDATE_PRODUCT = YES;
			};
			name = Release;
		};
		CBB3D8F219F98D920004545E /* Debug */ = {
			isa = XCBuildConfiguration;
			buildSettings = {
				ASSETCATALOG_COMPILER_APPICON_NAME = AppIcon;
				INFOPLIST_FILE = GetTime/Info.plist;
				LD_RUNPATH_SEARCH_PATHS = "$(inherited) @executable_path/Frameworks";
				PRODUCT_NAME = "$(TARGET_NAME)";
			};
			name = Debug;
		};
		CBB3D8F319F98D920004545E /* Release */ = {
			isa = XCBuildConfiguration;
			buildSettings = {
				ASSETCATALOG_COMPILER_APPICON_NAME = AppIcon;
				INFOPLIST_FILE = GetTime/Info.plist;
				LD_RUNPATH_SEARCH_PATHS = "$(inherited) @executable_path/Frameworks";
				PRODUCT_NAME = "$(TARGET_NAME)";
			};
			name = Release;
		};
		CBB3D8F519F98D920004545E /* Debug */ = {
			isa = XCBuildConfiguration;
			buildSettings = {
				BUNDLE_LOADER = "$(TEST_HOST)";
				FRAMEWORK_SEARCH_PATHS = (
					"$(SDKROOT)/Developer/Library/Frameworks",
					"$(inherited)",
				);
				GCC_PREPROCESSOR_DEFINITIONS = (
					"DEBUG=1",
					"$(inherited)",
				);
				INFOPLIST_FILE = GetTimeTests/Info.plist;
				LD_RUNPATH_SEARCH_PATHS = "$(inherited) @executable_path/Frameworks @loader_path/Frameworks";
				PRODUCT_NAME = "$(TARGET_NAME)";
				TEST_HOST = "$(BUILT_PRODUCTS_DIR)/GetTime.app/GetTime";
			};
			name = Debug;
		};
		CBB3D8F619F98D920004545E /* Release */ = {
			isa = XCBuildConfiguration;
			buildSettings = {
				BUNDLE_LOADER = "$(TEST_HOST)";
				FRAMEWORK_SEARCH_PATHS = (
					"$(SDKROOT)/Developer/Library/Frameworks",
					"$(inherited)",
				);
				INFOPLIST_FILE = GetTimeTests/Info.plist;
				LD_RUNPATH_SEARCH_PATHS = "$(inherited) @executable_path/Frameworks @loader_path/Frameworks";
				PRODUCT_NAME = "$(TARGET_NAME)";
				TEST_HOST = "$(BUILT_PRODUCTS_DIR)/GetTime.app/GetTime";
			};
			name = Release;
		};
/* End XCBuildConfiguration section */

/* Begin XCConfigurationList section */
		CBB3D8CD19F98D900004545E /* Build configuration list for PBXProject "GetTime" */ = {
			isa = XCConfigurationList;
			buildConfigurations = (
				CBB3D8EF19F98D910004545E /* Debug */,
				CBB3D8F019F98D910004545E /* Release */,
			);
			defaultConfigurationIsVisible = 0;
			defaultConfigurationName = Release;
		};
		CBB3D8F119F98D920004545E /* Build configuration list for PBXNativeTarget "GetTime" */ = {
			isa = XCConfigurationList;
			buildConfigurations = (
				CBB3D8F219F98D920004545E /* Debug */,
				CBB3D8F319F98D920004545E /* Release */,
			);
			defaultConfigurationIsVisible = 0;
		};
		CBB3D8F419F98D920004545E /* Build configuration list for PBXNativeTarget "GetTimeTests" */ = {
			isa = XCConfigurationList;
			buildConfigurations = (
				CBB3D8F519F98D920004545E /* Debug */,
				CBB3D8F619F98D920004545E /* Release */,
			);
			defaultConfigurationIsVisible = 0;
		};
/* End XCConfigurationList section */
	};
	rootObject = CBB3D8CA19F98D900004545E /* Project object */;
}
